github.com/aead/cmac v0.0.0-20160719120800-7af84192f0b1 h1:+JkXLHME8vLJafGhOH4aoV2Iu8bR55nU6iKMVfYVLjY=
github.com/aead/cmac v0.0.0-20160719120800-7af84192f0b1/go.mod h1:nuudZmJhzWtx2212z+pkuy7B6nkBqa+xwNXZHL1j8cg=
github.com/google/go-cmp v0.5.4/go.mod h1:v8dTdLbMG2kIc/vJvl+f65V22dbkXbowE6jgT/gNBxE=
github.com/hhorai/gnbsim v0.0.0-20210214125543-31c2f406a8fb h1:rugvWQ3CHH3HZWT0v9CRuBtaqtVQ6Pj56wo+PKhLsRQ=
github.com/hhorai/gnbsim v0.0.0-20210214125543-31c2f406a8fb/go.mod h1:NETZ+zsD2jsxXdwwwgpcKr+MDErZX0UtnTVRggpQAAI=
github.com/hhorai/gnbsim/encoding/gtp v0.0.0-20210214125543-31c2f406a8fb h1:Wbrf5bI7KBByJ+OU99eI9A9aVNOPie2JpoIw0Tw51uE=
github.com/hhorai/gnbsim/encoding/gtp v0.0.0-20210214125543-31c2f406a8fb/go.mod h1:0AZ8WEPswtEWQKi7liEkh9uJyTQJgslW2SdVPBMWHnY=
github.com/hhorai/gnbsim/encoding/nas v0.0.0-20210214125543-31c2f406a8fb h1:db7rLy9RrnNDJC1zoJEfNBY8KNs5TCf3LTp3kFJlMxM=
github.com/hhorai/gnbsim/encoding/nas v0.0.0-20210214125543-31c2f406a8fb/go.mod h1:DDrc8nBHmc0eZGrbw6Aba/lkJn5YWDDZw9gdRucBhoI=
github.com/pkg/errors v0.9.1 h1:FEBLx1zS214owpjy7qsBeixbURkuhQAwrK5UwLGTwt4=
github.com/pkg/errors v0.9.1/go.mod h1:bwawxfHBFNV+L2hUp1rHADufV3IMtnDRdf1r5NINEl0=
github.com/wmnsk/milenage v1.0.4 h1:OFAGlWRaWm82HZbK09/pNJDgbMmVvFRu+JKuzrTEBFc=
github.com/wmnsk/milenage v1.0.4/go.mod h1:Fxv2f33NsmgWa/NPN1bAVFp/6Ih5ep2x8QAqwCY1SbU=
golang.org/x/xerrors v0.0.0-20191204190536-9bdfabe68543/go.mod h1:I/5z698sn9Ka8TeJc9MKroUUfqBBauWjQqLJ2OPfmY0=
