github.com/aead/cmac v0.0.0-20160719120800-7af84192f0b1 h1:+JkXLHME8vLJafGhOH4aoV2Iu8bR55nU6iKMVfYVLjY=
github.com/aead/cmac v0.0.0-20160719120800-7af84192f0b1/go.mod h1:nuudZmJhzWtx2212z+pkuy7B6nkBqa+xwNXZHL1j8cg=
github.com/google/go-cmp v0.5.4/go.mod h1:v8dTdLbMG2kIc/vJvl+f65V22dbkXbowE6jgT/gNBxE=
github.com/hhorai/gnbsim v0.0.0-20210214125543-31c2f406a8fb h1:rugvWQ3CHH3HZWT0v9CRuBtaqtVQ6Pj56wo+PKhLsRQ=
github.com/hhorai/gnbsim v0.0.0-20210214125543-31c2f406a8fb/go.mod h1:NETZ+zsD2jsxXdwwwgpcKr+MDErZX0UtnTVRggpQAAI=
github.com/hhorai/gnbsim/encoding/gtp v0.0.0-20210214125543-31c2f406a8fb h1:Wbrf5bI7KBByJ+OU99eI9A9aVNOPie2JpoIw0Tw51uE=
github.com/hhorai/gnbsim/encoding/gtp v0.0.0-20210214125543-31c2f406a8fb/go.mod h1:0AZ8WEPswtEWQKi7liEkh9uJyTQJgslW2SdVPBMWHnY=
github.com/hhorai/gnbsim/encoding/nas v0.0.0-20210214125543-31c2f406a8fb h1:db7rLy9RrnNDJC1zoJEfNBY8KNs5TCf3LTp3kFJlMxM=
github.com/hhorai/gnbsim/encoding/nas v0.0.0-20210214125543-31c2f406a8fb/go.mod h1:DDrc8nBHmc0eZGrbw6Aba/lkJn5YWDDZw9gdRucBhoI=
github.com/hhorai/gnbsim/encoding/ngap v0.0.0-20210214125543-31c2f406a8fb h1:grN9WDjgSR0WCMmwQnH8V1YyMzVT02jUO63NaJsAtm4=
github.com/hhorai/gnbsim/encoding/ngap v0.0.0-20210214125543-31c2f406a8fb/go.mod h1:pnDGTyPuewaDNzr3UUE8zRSemYXleNGq/Xi7bkd8NLM=
github.com/ishidawataru/sctp v0.0.0-20210204083202-2bdd86bb9a4d h1:ca90TTqmMQuH3733WxbQhEOBRLrfS3yU3ABumJEbnQo=
github.com/ishidawataru/sctp v0.0.0-20210204083202-2bdd86bb9a4d/go.mod h1:co9pwDoBCm1kGxawmb4sPq0cSIOOWNPT4KnHotMP1Zg=
github.com/pkg/errors v0.9.1 h1:FEBLx1zS214owpjy7qsBeixbURkuhQAwrK5UwLGTwt4=
github.com/pkg/errors v0.9.1/go.mod h1:bwawxfHBFNV+L2hUp1rHADufV3IMtnDRdf1r5NINEl0=
github.com/vishvananda/netlink v1.1.1-0.20200603190747-5400e006d43d h1:MbeNDjx8ODJcpDwrDidtMkd6iyDckGxaXvFBRPSCS5o=
github.com/vishvananda/netlink v1.1.1-0.20200603190747-5400e006d43d/go.mod h1:FSQhuTO7eHT34mPzX+B04SUAjiqLxtXs1et0S6l9k4k=
github.com/vishvananda/netns v0.0.0-20191106174202-0a2b9b5464df h1:OviZH7qLw/7ZovXvuNyL3XQl8UFofeikI1NW1Gypu7k=
github.com/vishvananda/netns v0.0.0-20191106174202-0a2b9b5464df/go.mod h1:JP3t17pCcGlemwknint6hfoeCVQrEMVwxRLRjXpq+BU=
github.com/vishvananda/netns v0.0.0-20210104183010-2eb08e3e575f h1:p4VB7kIXpOQvVn1ZaTIVp+3vuYAXFe3OJEvjbUYJLaA=
github.com/vishvananda/netns v0.0.0-20210104183010-2eb08e3e575f/go.mod h1:DD4vA1DwXk04H54A1oHXtwZmA0grkVMdPxx/VGLCah0=
github.com/wmnsk/milenage v1.0.4 h1:OFAGlWRaWm82HZbK09/pNJDgbMmVvFRu+JKuzrTEBFc=
github.com/wmnsk/milenage v1.0.4/go.mod h1:Fxv2f33NsmgWa/NPN1bAVFp/6Ih5ep2x8QAqwCY1SbU=
golang.org/x/sys v0.0.0-20200121082415-34d275377bf9 h1:N19i1HjUnR7TF7rMt8O4p3dLvqvmYyzB6ifMFmrbY50=
golang.org/x/sys v0.0.0-20200121082415-34d275377bf9/go.mod h1:h1NjWce9XRLGQEsW7wpKNCjG9DtNlClVuFLEZdDNbEs=
golang.org/x/sys v0.0.0-20200217220822-9197077df867/go.mod h1:h1NjWce9XRLGQEsW7wpKNCjG9DtNlClVuFLEZdDNbEs=
golang.org/x/sys v0.0.0-20210124154548-22da62e12c0c h1:VwygUrnw9jn88c4u8GD3rZQbqrP/tgas88tPUbBxQrk=
golang.org/x/sys v0.0.0-20210124154548-22da62e12c0c/go.mod h1:h1NjWce9XRLGQEsW7wpKNCjG9DtNlClVuFLEZdDNbEs=
golang.org/x/xerrors v0.0.0-20191204190536-9bdfabe68543/go.mod h1:I/5z698sn9Ka8TeJc9MKroUUfqBBauWjQqLJ2OPfmY0=
